# This file is automatically @generated by Cargo.
# It is not intended for manual editing.
version = 4

[[package]]
name = "fss-cli"
version = "0.0.1"
dependencies = [
 "fss-core",
 "fss-reference",
]

[[package]]
name = "fss-core"
version = "0.0.1"

[[package]]
name = "fss-geometry"
version = "0.0.1"

[[package]]
name = "fss-ledger"
version = "0.0.1"
dependencies = [
 "fss-core",
]

[[package]]
name = "fss-model-ir"
version = "0.0.1"
dependencies = [
 "fss-core",
 "fss-tensor",
]

[[package]]
name = "fss-object"
version = "0.0.1"
dependencies = [
 "fss-core",
]

[[package]]
name = "fss-packet"
version = "0.0.1"
dependencies = [
 "fss-core",
]

[[package]]
name = "fss-publication"
version = "0.0.1"
dependencies = [
 "fss-core",
 "fss-ledger",
 "fss-object",
]

[[package]]
name = "fss-reference"
version = "0.0.1"
dependencies = [
 "fss-core",
 "fss-ledger",
 "fss-object",
 "fss-publication",
 "fss-tensor",
]

[[package]]
name = "fss-tensor"
version = "0.0.1"
dependencies = [
 "fss-core",
]

[[package]]
name = "fss-twin"
version = "0.0.1"
dependencies = [
 "fss-core",
 "fss-geometry",
]
