# This file is automatically @generated by Cargo.
# It is not intended for manual editing.
version = 4

[[package]]
name = "fss-cli"
version = "0.0.1"
dependencies = [
 "fss-core",
 "fss-object",
 "fss-packet",
 "fss-publication",
 "fss-reference",
]

[[package]]
name = "fss-codec-h264"
version = "0.0.1"
dependencies = [
 "fss-core",
 "fss-packet",
]

[[package]]
name = "fss-codec-mjpeg"
version = "0.0.1"
dependencies = [
 "fss-core",
]

[[package]]
name = "fss-container"
version = "0.0.1"
dependencies = [
 "fss-packet",
]

[[package]]
name = "fss-core"
version = "0.0.1"

[[package]]
name = "fss-geometry"
version = "0.0.1"

[[package]]
name = "fss-ledger"
version = "0.0.1"
dependencies = [
 "fss-core",
]

[[package]]
name = "fss-model-ir"
version = "0.0.1"
dependencies = [
 "fss-core",
 "fss-tensor",
]

[[package]]
name = "fss-object"
version = "0.0.1"
dependencies = [
 "fss-core",
]

[[package]]
name = "fss-packet"
version = "0.0.1"
dependencies = [
 "fss-core",
]

[[package]]
name = "fss-publication"
version = "0.0.1"
dependencies = [
 "fss-core",
 "fss-ledger",
 "fss-object",
]

[[package]]
name = "fss-reference"
version = "0.0.1"
dependencies = [
 "fss-codec-mjpeg",
 "fss-container",
 "fss-core",
 "fss-geometry",
 "fss-ledger",
 "fss-model-ir",
 "fss-object",
 "fss-packet",
 "fss-publication",
 "fss-tensor",
 "fss-twin",
]

[[package]]
name = "fss-tensor"
version = "0.0.1"
dependencies = [
 "fss-core",
]

[[package]]
name = "fss-twin"
version = "0.0.1"
dependencies = [
 "fss-codec-mjpeg",
 "fss-core",
 "fss-geometry",
]
